{
  "name": "react-university",
  "version": "0.1.0",
  "lockfileVersion": 1,
  "requires": true,
  "dependencies": {
    "add-zero": {
      "version": "1.0.0",
      "resolved": "https://registry.npmjs.org/add-zero/-/add-zero-1.0.0.tgz",
      "integrity": "sha1-iOIhaWcX9m20Z2cvP5qgBN6fGiw="
    },
    "format-duration": {
      "version": "1.1.0",
      "resolved": "https://registry.npmjs.org/format-duration/-/format-duration-1.1.0.tgz",
      "integrity": "sha512-G6YXt0L7M28AlDVYSGDSogRtsYgEoKs23Pyy/R29vtjq+09DRI7MP/33qXASg34N+HJ5lXzFSf9LtB74BtapAQ==",
      "requires": {
        "add-zero": "1.0.0",
        "parse-ms": "1.0.1"
      }
    },
    "parse-ms": {
      "version": "1.0.1",
      "resolved": "https://registry.npmjs.org/parse-ms/-/parse-ms-1.0.1.tgz",
      "integrity": "sha1-VjRtR0nXjyNDDKDHE4UK75GqNh0="
    }
  }
}
